
Microsoft Visual Studio Solution File, Format Version 12.00
# Visual Studio Version 17
VisualStudioVersion = 17.14.36717.8
MinimumVisualStudioVersion = 10.0.40219.1
Project("{FAE04EC0-301F-11D3-BF4B-00C04F79EFBC}") = "SharedKernel", "SharedKernel\SharedKernel.csproj", "{050F70D3-653E-4FC0-8E5A-94A0760B884A}"
EndProject
Project("{2150E333-8FDC-42A3-9474-1A3956D46DE8}") = "Modules", "Modules", "{CA253913-39DE-BFD0-C9A3-4B7EC6FBDF17}"
EndProject
Project("{2150E333-8FDC-42A3-9474-1A3956D46DE8}") = "Orders", "Orders", "{E1ED5814-3279-5096-6E7D-B99B82AC87D2}"
EndProject
Project("{FAE04EC0-301F-11D3-BF4B-00C04F79EFBC}") = "Orders.Domain", "Modules\Orders\Orders.Domain\Orders.Domain.csproj", "{C0467604-A820-4F23-93EE-71ADA61AECE7}"
EndProject
Project("{FAE04EC0-301F-11D3-BF4B-00C04F79EFBC}") = "Orders.Application", "Modules\Orders\Orders.Application\Orders.Application.csproj", "{BA15E3BE-0592-4547-8BC5-E4C4FCF1D121}"
EndProject
Project("{FAE04EC0-301F-11D3-BF4B-00C04F79EFBC}") = "Orders.Infrastructure", "Modules\Orders\Orders.Infrastructure\Orders.Infrastructure.csproj", "{9E2B532D-D436-45CD-BAED-0AE970A88978}"
EndProject
Project("{FAE04EC0-301F-11D3-BF4B-00C04F79EFBC}") = "Api", "Api\Api.csproj", "{FE8243E3-201C-4ED2-97F1-C63538A27528}"
EndProject
Global
	GlobalSection(SolutionConfigurationPlatforms) = preSolution
		Debug|Any CPU = Debug|Any CPU
		Debug|x64 = Debug|x64
		Debug|x86 = Debug|x86
		Release|Any CPU = Release|Any CPU
		Release|x64 = Release|x64
		Release|x86 = Release|x86
	EndGlobalSection
	GlobalSection(ProjectConfigurationPlatforms) = postSolution
		{050F70D3-653E-4FC0-8E5A-94A0760B884A}.Debug|Any CPU.ActiveCfg = Debug|Any CPU
		{050F70D3-653E-4FC0-8E5A-94A0760B884A}.Debug|Any CPU.Build.0 = Debug|Any CPU
		{050F70D3-653E-4FC0-8E5A-94A0760B884A}.Debug|x64.ActiveCfg = Debug|Any CPU
		{050F70D3-653E-4FC0-8E5A-94A0760B884A}.Debug|x64.Build.0 = Debug|Any CPU
		{050F70D3-653E-4FC0-8E5A-94A0760B884A}.Debug|x86.ActiveCfg = Debug|Any CPU
		{050F70D3-653E-4FC0-8E5A-94A0760B884A}.Debug|x86.Build.0 = Debug|Any CPU
		{050F70D3-653E-4FC0-8E5A-94A0760B884A}.Release|Any CPU.ActiveCfg = Release|Any CPU
		{050F70D3-653E-4FC0-8E5A-94A0760B884A}.Release|Any CPU.Build.0 = Release|Any CPU
		{050F70D3-653E-4FC0-8E5A-94A0760B884A}.Release|x64.ActiveCfg = Release|Any CPU
		{050F70D3-653E-4FC0-8E5A-94A0760B884A}.Release|x64.Build.0 = Release|Any CPU
		{050F70D3-653E-4FC0-8E5A-94A0760B884A}.Release|x86.ActiveCfg = Release|Any CPU
		{050F70D3-653E-4FC0-8E5A-94A0760B884A}.Release|x86.Build.0 = Release|Any CPU
		{C0467604-A820-4F23-93EE-71ADA61AECE7}.Debug|Any CPU.ActiveCfg = Debug|Any CPU
		{C0467604-A820-4F23-93EE-71ADA61AECE7}.Debug|Any CPU.Build.0 = Debug|Any CPU
		{C0467604-A820-4F23-93EE-71ADA61AECE7}.Debug|x64.ActiveCfg = Debug|Any CPU
		{C0467604-A820-4F23-93EE-71ADA61AECE7}.Debug|x64.Build.0 = Debug|Any CPU
		{C0467604-A820-4F23-93EE-71ADA61AECE7}.Debug|x86.ActiveCfg = Debug|Any CPU
		{C0467604-A820-4F23-93EE-71ADA61AECE7}.Debug|x86.Build.0 = Debug|Any CPU
		{C0467604-A820-4F23-93EE-71ADA61AECE7}.Release|Any CPU.ActiveCfg = Release|Any CPU
		{C0467604-A820-4F23-93EE-71ADA61AECE7}.Release|Any CPU.Build.0 = Release|Any CPU
		{C0467604-A820-4F23-93EE-71ADA61AECE7}.Release|x64.ActiveCfg = Release|Any CPU
		{C0467604-A820-4F23-93EE-71ADA61AECE7}.Release|x64.Build.0 = Release|Any CPU
		{C0467604-A820-4F23-93EE-71ADA61AECE7}.Release|x86.ActiveCfg = Release|Any CPU
		{C0467604-A820-4F23-93EE-71ADA61AECE7}.Release|x86.Build.0 = Release|Any CPU
		{BA15E3BE-0592-4547-8BC5-E4C4FCF1D121}.Debug|Any CPU.ActiveCfg = Debug|Any CPU
		{BA15E3BE-0592-4547-8BC5-E4C4FCF1D121}.Debug|Any CPU.Build.0 = Debug|Any CPU
		{BA15E3BE-0592-4547-8BC5-E4C4FCF1D121}.Debug|x64.ActiveCfg = Debug|Any CPU
		{BA15E3BE-0592-4547-8BC5-E4C4FCF1D121}.Debug|x64.Build.0 = Debug|Any CPU
		{BA15E3BE-0592-4547-8BC5-E4C4FCF1D121}.Debug|x86.ActiveCfg = Debug|Any CPU
		{BA15E3BE-0592-4547-8BC5-E4C4FCF1D121}.Debug|x86.Build.0 = Debug|Any CPU
		{BA15E3BE-0592-4547-8BC5-E4C4FCF1D121}.Release|Any CPU.ActiveCfg = Release|Any CPU
		{BA15E3BE-0592-4547-8BC5-E4C4FCF1D121}.Release|Any CPU.Build.0 = Release|Any CPU
		{BA15E3BE-0592-4547-8BC5-E4C4FCF1D121}.Release|x64.ActiveCfg = Release|Any CPU
		{BA15E3BE-0592-4547-8BC5-E4C4FCF1D121}.Release|x64.Build.0 = Release|Any CPU
		{BA15E3BE-0592-4547-8BC5-E4C4FCF1D121}.Release|x86.ActiveCfg = Release|Any CPU
		{BA15E3BE-0592-4547-8BC5-E4C4FCF1D121}.Release|x86.Build.0 = Release|Any CPU
		{9E2B532D-D436-45CD-BAED-0AE970A88978}.Debug|Any CPU.ActiveCfg = Debug|Any CPU
		{9E2B532D-D436-45CD-BAED-0AE970A88978}.Debug|Any CPU.Build.0 = Debug|Any CPU
		{9E2B532D-D436-45CD-BAED-0AE970A88978}.Debug|x64.ActiveCfg = Debug|Any CPU
		{9E2B532D-D436-45CD-BAED-0AE970A88978}.Debug|x64.Build.0 = Debug|Any CPU
		{9E2B532D-D436-45CD-BAED-0AE970A88978}.Debug|x86.ActiveCfg = Debug|Any CPU
		{9E2B532D-D436-45CD-BAED-0AE970A88978}.Debug|x86.Build.0 = Debug|Any CPU
		{9E2B532D-D436-45CD-BAED-0AE970A88978}.Release|Any CPU.ActiveCfg = Release|Any CPU
		{9E2B532D-D436-45CD-BAED-0AE970A88978}.Release|Any CPU.Build.0 = Release|Any CPU
		{9E2B532D-D436-45CD-BAED-0AE970A88978}.Release|x64.ActiveCfg = Release|Any CPU
		{9E2B532D-D436-45CD-BAED-0AE970A88978}.Release|x64.Build.0 = Release|Any CPU
		{9E2B532D-D436-45CD-BAED-0AE970A88978}.Release|x86.ActiveCfg = Release|Any CPU
		{9E2B532D-D436-45CD-BAED-0AE970A88978}.Release|x86.Build.0 = Release|Any CPU
		{FE8243E3-201C-4ED2-97F1-C63538A27528}.Debug|Any CPU.ActiveCfg = Debug|Any CPU
		{FE8243E3-201C-4ED2-97F1-C63538A27528}.Debug|Any CPU.Build.0 = Debug|Any CPU
		{FE8243E3-201C-4ED2-97F1-C63538A27528}.Debug|x64.ActiveCfg = Debug|Any CPU
		{FE8243E3-201C-4ED2-97F1-C63538A27528}.Debug|x64.Build.0 = Debug|Any CPU
		{FE8243E3-201C-4ED2-97F1-C63538A27528}.Debug|x86.ActiveCfg = Debug|Any CPU
		{FE8243E3-201C-4ED2-97F1-C63538A27528}.Debug|x86.Build.0 = Debug|Any CPU
		{FE8243E3-201C-4ED2-97F1-C63538A27528}.Release|Any CPU.ActiveCfg = Release|Any CPU
		{FE8243E3-201C-4ED2-97F1-C63538A27528}.Release|Any CPU.Build.0 = Release|Any CPU
		{FE8243E3-201C-4ED2-97F1-C63538A27528}.Release|x64.ActiveCfg = Release|Any CPU
		{FE8243E3-201C-4ED2-97F1-C63538A27528}.Release|x64.Build.0 = Release|Any CPU
		{FE8243E3-201C-4ED2-97F1-C63538A27528}.Release|x86.ActiveCfg = Release|Any CPU
		{FE8243E3-201C-4ED2-97F1-C63538A27528}.Release|x86.Build.0 = Release|Any CPU
	EndGlobalSection
	GlobalSection(SolutionProperties) = preSolution
		HideSolutionNode = FALSE
	EndGlobalSection
	GlobalSection(NestedProjects) = preSolution
		{050F70D3-653E-4FC0-8E5A-94A0760B884A} = {CA253913-39DE-BFD0-C9A3-4B7EC6FBDF17}
		{E1ED5814-3279-5096-6E7D-B99B82AC87D2} = {CA253913-39DE-BFD0-C9A3-4B7EC6FBDF17}
		{C0467604-A820-4F23-93EE-71ADA61AECE7} = {E1ED5814-3279-5096-6E7D-B99B82AC87D2}
		{BA15E3BE-0592-4547-8BC5-E4C4FCF1D121} = {E1ED5814-3279-5096-6E7D-B99B82AC87D2}
		{9E2B532D-D436-45CD-BAED-0AE970A88978} = {E1ED5814-3279-5096-6E7D-B99B82AC87D2}
	EndGlobalSection
	GlobalSection(ExtensibilityGlobals) = postSolution
		SolutionGuid = {8D983629-7862-4666-9A77-63D7D4972BC0}
	EndGlobalSection
EndGlobal
